{
  "lockfile_version": "1",
  "packages": {
    "micromamba@latest": {
      "last_modified": "2024-10-06T12:21:13Z",
      "resolved": "github:NixOS/nixpkgs/50b3bd3fed0442bcbf7f58355e990da84af1749d#micromamba",
      "source": "devbox-search",
      "version": "1.5.8",
      "systems": {
        "aarch64-darwin": {
          "outputs": [
            {
              "name": "out",
              "path": "/nix/store/svlbbcqlfyjxk41l2qfayr3sb998qz4z-micromamba-1.5.8",
              "default": true
            }
          ],
          "store_path": "/nix/store/svlbbcqlfyjxk41l2qfayr3sb998qz4z-micromamba-1.5.8"
        },
        "aarch64-linux": {
          "outputs": [
            {
              "name": "out",
              "path": "/nix/store/jcj7f7vlwkhim886fvnn65p9km5mw6mg-micromamba-1.5.8",
              "default": true
            }
          ],
          "store_path": "/nix/store/jcj7f7vlwkhim886fvnn65p9km5mw6mg-micromamba-1.5.8"
        },
        "x86_64-darwin": {
          "outputs": [
            {
              "name": "out",
              "path": "/nix/store/58m0rgimfqkc174dg5xl5rvqkd0b5nb0-micromamba-1.5.8",
              "default": true
            }
          ],
          "store_path": "/nix/store/58m0rgimfqkc174dg5xl5rvqkd0b5nb0-micromamba-1.5.8"
        },
        "x86_64-linux": {
          "outputs": [
            {
              "name": "out",
              "path": "/nix/store/7jmrfyx6f5m7101aia3yy2a7yl289hkk-micromamba-1.5.8",
              "default": true
            }
          ],
          "store_path": "/nix/store/7jmrfyx6f5m7101aia3yy2a7yl289hkk-micromamba-1.5.8"
        }
      }
    },
    "ps@latest": {
      "last_modified": "2024-09-10T15:01:03Z",
      "resolved": "github:NixOS/nixpkgs/5ed627539ac84809c78b2dd6d26a5cebeb5ae269#ps",
      "source": "devbox-search",
      "version": "3.3.17",
      "systems": {
        "aarch64-linux": {
          "outputs": [
            {
              "name": "out",
              "path": "/nix/store/2bvnqm7kpqg1bmdw8cf8q3vyk4hvhs97-ps-procps-3.3.17",
              "default": true
            }
          ],
          "store_path": "/nix/store/2bvnqm7kpqg1bmdw8cf8q3vyk4hvhs97-ps-procps-3.3.17"
        },
        "x86_64-linux": {
          "outputs": [
            {
              "name": "out",
              "path": "/nix/store/4z61saab6pmnvc8r4nxb79ri1vm12mfy-ps-procps-3.3.17",
              "default": true
            }
          ],
          "store_path": "/nix/store/4z61saab6pmnvc8r4nxb79ri1vm12mfy-ps-procps-3.3.17"
        }
      }
    }
  }
}
