{
  "lockfile_version": "1",
  "packages": {
    "jre@latest": {
      "last_modified": "2024-09-10T15:01:03Z",
      "resolved": "github:NixOS/nixpkgs/5ed627539ac84809c78b2dd6d26a5cebeb5ae269#jre8",
      "source": "devbox-search",
      "version": "8u412-ga",
      "systems": {
        "aarch64-darwin": {
          "outputs": [
            {
              "path": "/nix/store/2lkkwsl2x67japciss08k10wb13ylsnh-zulu-ca-jdk-8.0.402",
              "default": true
            }
          ]
        },
        "aarch64-linux": {
          "outputs": [
            {
              "name": "jre",
              "path": "/nix/store/x1b33yizrg00ivskifcwz752qrdpm5db-openjdk-8u412-ga-jre",
              "default": true
            },
            {
              "name": "out",
              "path": "/nix/store/hsxa3rqx0vdwbz352ni18wqn5zawvk0x-openjdk-8u412-ga",
              "default": true
            },
            {
              "name": "debug",
              "path": "/nix/store/x0bvxfzygcfy7hfm3h10m7njdgrl5xyf-openjdk-8u412-ga-debug"
            }
          ],
          "store_path": "/nix/store/x1b33yizrg00ivskifcwz752qrdpm5db-openjdk-8u412-ga-jre"
        },
        "x86_64-linux": {
          "outputs": [
            {
              "name": "jre",
              "path": "/nix/store/kb41c4clzp8c6lr55cwylhjk826zw7if-openjdk-8u412-ga-jre",
              "default": true
            },
            {
              "name": "out",
              "path": "/nix/store/rb5iwvk2r54y4hbzxdvxfnfg65rma8gd-openjdk-8u412-ga",
              "default": true
            },
            {
              "name": "debug",
              "path": "/nix/store/1rhfqsbzfmxaxafvqk4vhcfzs423s2pa-openjdk-8u412-ga-debug"
            }
          ],
          "store_path": "/nix/store/kb41c4clzp8c6lr55cwylhjk826zw7if-openjdk-8u412-ga-jre"
        }
      }
    },
    "mamba@latest": {
      "last_modified": "2024-09-10T15:01:03Z",
      "resolved": "github:NixOS/nixpkgs/5ed627539ac84809c78b2dd6d26a5cebeb5ae269#mamba",
      "source": "devbox-search",
      "version": "2.6",
      "systems": {
        "aarch64-linux": {
          "outputs": [
            {
              "name": "out",
              "path": "/nix/store/vm5r0n9zdkgpcjaqd3fam08lh091pfvw-mamba-2.6",
              "default": true
            }
          ],
          "store_path": "/nix/store/vm5r0n9zdkgpcjaqd3fam08lh091pfvw-mamba-2.6"
        },
        "x86_64-linux": {
          "outputs": [
            {
              "name": "out",
              "path": "/nix/store/cw0h15j5msi7qq4xxa64zl9w6mzy5lcc-mamba-2.6",
              "default": true
            }
          ],
          "store_path": "/nix/store/cw0h15j5msi7qq4xxa64zl9w6mzy5lcc-mamba-2.6"
        }
      }
    },
    "maven@latest": {
      "last_modified": "2024-09-10T15:01:03Z",
      "resolved": "github:NixOS/nixpkgs/5ed627539ac84809c78b2dd6d26a5cebeb5ae269#maven",
      "source": "devbox-search",
      "version": "3.9.8",
      "systems": {
        "aarch64-darwin": {
          "outputs": [
            {
              "name": "out",
              "path": "/nix/store/fykyp125710ksn9f7sj6m0li4wl5mxin-maven-3.9.8",
              "default": true
            }
          ],
          "store_path": "/nix/store/fykyp125710ksn9f7sj6m0li4wl5mxin-maven-3.9.8"
        },
        "aarch64-linux": {
          "outputs": [
            {
              "name": "out",
              "path": "/nix/store/igc1nxyridgx8b82nm2kvs5qw8l3gqm5-maven-3.9.8",
              "default": true
            }
          ],
          "store_path": "/nix/store/igc1nxyridgx8b82nm2kvs5qw8l3gqm5-maven-3.9.8"
        },
        "x86_64-darwin": {
          "outputs": [
            {
              "name": "out",
              "path": "/nix/store/w1l66ds97552b2ln8hfdzs0p382xk51g-maven-3.9.8",
              "default": true
            }
          ],
          "store_path": "/nix/store/w1l66ds97552b2ln8hfdzs0p382xk51g-maven-3.9.8"
        },
        "x86_64-linux": {
          "outputs": [
            {
              "name": "out",
              "path": "/nix/store/6y2p26qfy6qqzrl0wjvdz0hdc6lyl5jy-maven-3.9.8",
              "default": true
            }
          ],
          "store_path": "/nix/store/6y2p26qfy6qqzrl0wjvdz0hdc6lyl5jy-maven-3.9.8"
        }
      }
    },
    "perl@latest": {
      "last_modified": "2024-09-10T15:01:03Z",
      "resolved": "github:NixOS/nixpkgs/5ed627539ac84809c78b2dd6d26a5cebeb5ae269#perl",
      "source": "devbox-search",
      "version": "5.38.2",
      "systems": {
        "aarch64-darwin": {
          "outputs": [
            {
              "name": "out",
              "path": "/nix/store/hq4l4dpxln0n9kb4lah102bdvpdm2a5n-perl-5.38.2",
              "default": true
            },
            {
              "name": "man",
              "path": "/nix/store/dc3wh1wqlq9gnkwkxs6ki1imqpvg39ji-perl-5.38.2-man",
              "default": true
            },
            {
              "name": "devdoc",
              "path": "/nix/store/4h2bj4qw8kaf7z02pcnf3vywa2mab3qh-perl-5.38.2-devdoc"
            }
          ],
          "store_path": "/nix/store/hq4l4dpxln0n9kb4lah102bdvpdm2a5n-perl-5.38.2"
        },
        "aarch64-linux": {
          "outputs": [
            {
              "name": "out",
              "path": "/nix/store/71dxajciymxkig3hr2wyc41nw2ypx9xg-perl-5.38.2",
              "default": true
            },
            {
              "name": "man",
              "path": "/nix/store/dwjk74i0bbi7g0ibm3lf6i9rkh8fsgh4-perl-5.38.2-man",
              "default": true
            },
            {
              "name": "devdoc",
              "path": "/nix/store/dq80hk0glcxacpf5qakxwvgw0bsdgd5k-perl-5.38.2-devdoc"
            }
          ],
          "store_path": "/nix/store/71dxajciymxkig3hr2wyc41nw2ypx9xg-perl-5.38.2"
        },
        "x86_64-darwin": {
          "outputs": [
            {
              "name": "out",
              "path": "/nix/store/kds6a5pz2qgsncdbci532hhvd56xym1m-perl-5.38.2",
              "default": true
            },
            {
              "name": "man",
              "path": "/nix/store/ygc9n4p9ckrmpr0k8wvfz44zwg9v1rwj-perl-5.38.2-man",
              "default": true
            },
            {
              "name": "devdoc",
              "path": "/nix/store/insvmgiv9k01ybbi9w120zjipva6xai1-perl-5.38.2-devdoc"
            }
          ],
          "store_path": "/nix/store/kds6a5pz2qgsncdbci532hhvd56xym1m-perl-5.38.2"
        },
        "x86_64-linux": {
          "outputs": [
            {
              "name": "out",
              "path": "/nix/store/ww69rb7srifikvilg39q4v8n9h1zcssf-perl-5.38.2",
              "default": true
            },
            {
              "name": "man",
              "path": "/nix/store/d75vxd12xz55z9zmg9w2ifz9b8yw6ncx-perl-5.38.2-man",
              "default": true
            },
            {
              "name": "devdoc",
              "path": "/nix/store/kmz78jkfkcx6idysviwzsax73lh2i2ds-perl-5.38.2-devdoc"
            }
          ],
          "store_path": "/nix/store/ww69rb7srifikvilg39q4v8n9h1zcssf-perl-5.38.2"
        }
      }
    },
    "poetry@latest": {
      "last_modified": "2024-09-23T10:58:17Z",
      "plugin_version": "0.0.4",
      "resolved": "github:NixOS/nixpkgs/568bfef547c14ca438c56a0bece08b8bb2b71a9c#poetry",
      "source": "devbox-search",
      "version": "1.8.3",
      "systems": {
        "aarch64-darwin": {
          "outputs": [
            {
              "name": "out",
              "path": "/nix/store/nycf0kbsd4mhqcppdai1cj3vwik2vmic-python3.12-poetry-1.8.3",
              "default": true
            },
            {
              "name": "dist",
              "path": "/nix/store/7ll0b0qsg8272qfdzr24kiy493mm9ay5-python3.12-poetry-1.8.3-dist"
            }
          ],
          "store_path": "/nix/store/nycf0kbsd4mhqcppdai1cj3vwik2vmic-python3.12-poetry-1.8.3"
        },
        "aarch64-linux": {
          "outputs": [
            {
              "name": "out",
              "path": "/nix/store/5kgf258lia7vf00k7y8jggwfjvhz820a-python3.12-poetry-1.8.3",
              "default": true
            },
            {
              "name": "dist",
              "path": "/nix/store/z0nfiin8a8igi6x3n0gjy9gb440mpyzg-python3.12-poetry-1.8.3-dist"
            }
          ],
          "store_path": "/nix/store/5kgf258lia7vf00k7y8jggwfjvhz820a-python3.12-poetry-1.8.3"
        },
        "x86_64-darwin": {
          "outputs": [
            {
              "name": "out",
              "path": "/nix/store/h0ncgdbb67cj9zg1ywman246bzq3b8s6-python3.12-poetry-1.8.3",
              "default": true
            },
            {
              "name": "dist",
              "path": "/nix/store/9sj038vl4x792fr5carna0iyhb723scb-python3.12-poetry-1.8.3-dist"
            }
          ],
          "store_path": "/nix/store/h0ncgdbb67cj9zg1ywman246bzq3b8s6-python3.12-poetry-1.8.3"
        },
        "x86_64-linux": {
          "outputs": [
            {
              "name": "out",
              "path": "/nix/store/4h1ns7l1fvjs718pjw1bg6wyy01jvpsw-python3.12-poetry-1.8.3",
              "default": true
            },
            {
              "name": "dist",
              "path": "/nix/store/c9z3y970nqjgc1n2vllbgn5718rq23ds-python3.12-poetry-1.8.3-dist"
            }
          ],
          "store_path": "/nix/store/4h1ns7l1fvjs718pjw1bg6wyy01jvpsw-python3.12-poetry-1.8.3"
        }
      }
    },
    "python@latest": {
      "last_modified": "2024-09-10T15:01:03Z",
      "plugin_version": "0.0.4",
      "resolved": "github:NixOS/nixpkgs/5ed627539ac84809c78b2dd6d26a5cebeb5ae269#python3",
      "source": "devbox-search",
      "version": "3.12.5",
      "systems": {
        "aarch64-darwin": {
          "outputs": [
            {
              "name": "out",
              "path": "/nix/store/9pj4rzx5pbynkkxq1srzwjhywmcfxws3-python3-3.12.5",
              "default": true
            }
          ],
          "store_path": "/nix/store/9pj4rzx5pbynkkxq1srzwjhywmcfxws3-python3-3.12.5"
        },
        "aarch64-linux": {
          "outputs": [
            {
              "name": "out",
              "path": "/nix/store/6iq3nhgdyp8a5wzwf097zf2mn4zyqxr6-python3-3.12.5",
              "default": true
            },
            {
              "name": "debug",
              "path": "/nix/store/xc4hygp28y7g1rvjf0vi7fj0d83a75pj-python3-3.12.5-debug"
            }
          ],
          "store_path": "/nix/store/6iq3nhgdyp8a5wzwf097zf2mn4zyqxr6-python3-3.12.5"
        },
        "x86_64-darwin": {
          "outputs": [
            {
              "name": "out",
              "path": "/nix/store/ks8acr22s4iggnmvxydm5czl30racy32-python3-3.12.5",
              "default": true
            }
          ],
          "store_path": "/nix/store/ks8acr22s4iggnmvxydm5czl30racy32-python3-3.12.5"
        },
        "x86_64-linux": {
          "outputs": [
            {
              "name": "out",
              "path": "/nix/store/h3i0acpmr8mrjx07519xxmidv8mpax4y-python3-3.12.5",
              "default": true
            },
            {
              "name": "debug",
              "path": "/nix/store/0a39pi2s6kxqc3kjjz2y9yzibd62zhhb-python3-3.12.5-debug"
            }
          ],
          "store_path": "/nix/store/h3i0acpmr8mrjx07519xxmidv8mpax4y-python3-3.12.5"
        }
      }
    },
    "sqlcl@latest": {
      "last_modified": "2024-09-10T15:01:03Z",
      "resolved": "github:NixOS/nixpkgs/5ed627539ac84809c78b2dd6d26a5cebeb5ae269#sqlcl",
      "source": "devbox-search",
      "version": "24.2.0.180.1721",
      "systems": {
        "x86_64-linux": {
          "outputs": [
            {
              "name": "out",
              "path": "/nix/store/8r6fq4776bkryxh0yicqai0mhcv5bnhd-sqlcl-24.2.0.180.1721",
              "default": true
            }
          ],
          "store_path": "/nix/store/8r6fq4776bkryxh0yicqai0mhcv5bnhd-sqlcl-24.2.0.180.1721"
        }
      }
    }
  }
}
